// !$*UTF8*$!
{
	archiveVersion = 1;
	classes = {
	};
	objectVersion = 50;
	objects = {

/* Begin PBXBuildFile section */
		006C91F623DA413D001667A5 /* AppDelegate.swift in Sources */ = {isa = PBXBuildFile; fileRef = 006C91F523DA413D001667A5 /* AppDelegate.swift */; };
		006C91F823DA413D001667A5 /* SceneDelegate.swift in Sources */ = {isa = PBXBuildFile; fileRef = 006C91F723DA413D001667A5 /* SceneDelegate.swift */; };
		006C91FA23DA413D001667A5 /* ViewController.swift in Sources */ = {isa = PBXBuildFile; fileRef = 006C91F923DA413D001667A5 /* ViewController.swift */; };
		006C91FD23DA413D001667A5 /* Main.storyboard in Resources */ = {isa = PBXBuildFile; fileRef = 006C91FB23DA413D001667A5 /* Main.storyboard */; };
		006C91FF23DA4140001667A5 /* Assets.xcassets in Resources */ = {isa = PBXBuildFile; fileRef = 006C91FE23DA4140001667A5 /* Assets.xcassets */; };
		006C920223DA4140001667A5 /* LaunchScreen.storyboard in Resources */ = {isa = PBXBuildFile; fileRef = 006C920023DA4140001667A5 /* LaunchScreen.storyboard */; };
		006C920B23DA4E01001667A5 /* WebKit.framework in Frameworks */ = {isa = PBXBuildFile; fileRef = 006C920A23DA4E01001667A5 /* WebKit.framework */; };
/* End PBXBuildFile section */

/* Begin PBXFileReference section */
		006C91F223DA413D001667A5 /* MeeovApp.app */ = {isa = PBXFileReference; explicitFileType = wrapper.application; includeInIndex = 0; path = MeeovApp.app; sourceTree = BUILT_PRODUCTS_DIR; };
		006C91F523DA413D001667A5 /* AppDelegate.swift */ = {isa = PBXFileReference; lastKnownFileType = sourcecode.swift; path = AppDelegate.swift; sourceTree = "<group>"; };
		006C91F723DA413D001667A5 /* SceneDelegate.swift */ = {isa = PBXFileReference; lastKnownFileType = sourcecode.swift; path = SceneDelegate.swift; sourceTree = "<group>"; };
		006C91F923DA413D001667A5 /* ViewController.swift */ = {isa = PBXFileReference; lastKnownFileType = sourcecode.swift; path = ViewController.swift; sourceTree = "<group>"; };
		006C91FC23DA413D001667A5 /* Base */ = {isa = PBXFileReference; lastKnownFileType = file.storyboard; name = Base; path = Base.lproj/Main.storyboard; sourceTree = "<group>"; };
		006C91FE23DA4140001667A5 /* Assets.xcassets */ = {isa = PBXFileReference; lastKnownFileType = folder.assetcatalog; path = Assets.xcassets; sourceTree = "<group>"; };
		006C920123DA4140001667A5 /* Base */ = {isa = PBXFileReference; lastKnownFileType = file.storyboard; name = Base; path = Base.lproj/LaunchScreen.storyboard; sourceTree = "<group>"; };
		006C920323DA4140001667A5 /* Info.plist */ = {isa = PBXFileReference; lastKnownFileType = text.plist.xml; path = Info.plist; sourceTree = "<group>"; };
		006C920A23DA4E01001667A5 /* WebKit.framework */ = {isa = PBXFileReference; lastKnownFileType = wrapper.framework; name = WebKit.framework; path = System/Library/Frameworks/WebKit.framework; sourceTree = SDKROOT; };
/* End PBXFileReference section */

/* Begin PBXFrameworksBuildPhase section */
		006C91EF23DA413D001667A5 /* Frameworks */ = {
			isa = PBXFrameworksBuildPhase;
			buildActionMask = 2147483647;
			files = (
				006C920B23DA4E01001667A5 /* WebKit.framework in Frameworks */,
			);
			runOnlyForDeploymentPostprocessing = 0;
		};
/* End PBXFrameworksBuildPhase section */

/* Begin PBXGroup section */
		006C91E923DA413D001667A5 = {
			isa = PBXGroup;
			children = (
				006C91F423DA413D001667A5 /* MeeovApp */,
				006C91F323DA413D001667A5 /* Products */,
				006C920923DA4E00001667A5 /* Frameworks */,
			);
			sourceTree = "<group>";
		};
		006C91F323DA413D001667A5 /* Products */ = {
			isa = PBXGroup;
			children = (
				006C91F223DA413D001667A5 /* MeeovApp.app */,
			);
			name = Products;
			sourceTree = "<group>";
		};
		006C91F423DA413D001667A5 /* MeeovApp */ = {
			isa = PBXGroup;
			children = (
				006C91F523DA413D001667A5 /* AppDelegate.swift */,
				006C91F723DA413D001667A5 /* SceneDelegate.swift */,
				006C91F923DA413D001667A5 /* ViewController.swift */,
				006C91FB23DA413D001667A5 /* Main.storyboard */,
				006C91FE23DA4140001667A5 /* Assets.xcassets */,
				006C920023DA4140001667A5 /* LaunchScreen.storyboard */,
				006C920323DA4140001667A5 /* Info.plist */,
			);
			path = MeeovApp;
			sourceTree = "<group>";
		};
		006C920923DA4E00001667A5 /* Frameworks */ = {
			isa = PBXGroup;
			children = (
				006C920A23DA4E01001667A5 /* WebKit.framework */,
			);
			name = Frameworks;
			sourceTree = "<group>";
		};
/* End PBXGroup section */

/* Begin PBXNativeTarget section */
		006C91F123DA413D001667A5 /* MeeovApp */ = {
			isa = PBXNativeTarget;
			buildConfigurationList = 006C920623DA4140001667A5 /* Build configuration list for PBXNativeTarget "MeeovApp" */;
			buildPhases = (
				006C91EE23DA413D001667A5 /* Sources */,
				006C91EF23DA413D001667A5 /* Frameworks */,
				006C91F023DA413D001667A5 /* Resources */,
			);
			buildRules = (
			);
			dependencies = (
			);
			name = MeeovApp;
			productName = MeeovApp;
			productReference = 006C91F223DA413D001667A5 /* MeeovApp.app */;
			productType = "com.apple.product-type.application";
		};
/* End PBXNativeTarget section */

/* Begin PBXProject section */
		006C91EA23DA413D001667A5 /* Project object */ = {
			isa = PBXProject;
			attributes = {
				LastSwiftUpdateCheck = 1130;
				LastUpgradeCheck = 1130;
				ORGANIZATIONNAME = "İlyas Abiyev";
				TargetAttributes = {
					006C91F123DA413D001667A5 = {
						CreatedOnToolsVersion = 11.3;
					};
				};
			};
			buildConfigurationList = 006C91ED23DA413D001667A5 /* Build configuration list for PBXProject "MeeovApp" */;
			compatibilityVersion = "Xcode 9.3";
			developmentRegion = en;
			hasScannedForEncodings = 0;
			knownRegions = (
				en,
				Base,
			);
			mainGroup = 006C91E923DA413D001667A5;
			productRefGroup = 006C91F323DA413D001667A5 /* Products */;
			projectDirPath = "";
			projectRoot = "";
			targets = (
				006C91F123DA413D001667A5 /* MeeovApp */,
			);
		};
/* End PBXProject section */

/* Begin PBXResourcesBuildPhase section */
		006C91F023DA413D001667A5 /* Resources */ = {
			isa = PBXResourcesBuildPhase;
			buildActionMask = 2147483647;
			files = (
				006C920223DA4140001667A5 /* LaunchScreen.storyboard in Resources */,
				006C91FF23DA4140001667A5 /* Assets.xcassets in Resources */,
				006C91FD23DA413D001667A5 /* Main.storyboard in Resources */,
			);
			runOnlyForDeploymentPostprocessing = 0;
		};
/* End PBXResourcesBuildPhase section */

/* Begin PBXSourcesBuildPhase section */
		006C91EE23DA413D001667A5 /* Sources */ = {
			isa = PBXSourcesBuildPhase;
			buildActionMask = 2147483647;
			files = (
				006C91FA23DA413D001667A5 /* ViewController.swift in Sources */,
				006C91F623DA413D001667A5 /* AppDelegate.swift in Sources */,
				006C91F823DA413D001667A5 /* SceneDelegate.swift in Sources */,
			);
			runOnlyForDeploymentPostprocessing = 0;
		};
/* End PBXSourcesBuildPhase section */

/* Begin PBXVariantGroup section */
		006C91FB23DA413D001667A5 /* Main.storyboard */ = {
			isa = PBXVariantGroup;
			children = (
				006C91FC23DA413D001667A5 /* Base */,
			);
			name = Main.storyboard;
			sourceTree = "<group>";
		};
		006C920023DA4140001667A5 /* LaunchScreen.storyboard */ = {
			isa = PBXVariantGroup;
			children = (
				006C920123DA4140001667A5 /* Base */,
			);
			name = LaunchScreen.storyboard;
			sourceTree = "<group>";
		};
/* End PBXVariantGroup section */

/* Begin XCBuildConfiguration section */
		006C920423DA4140001667A5 /* Debug */ = {
			isa = XCBuildConfiguration;
			buildSettings = {
				ALWAYS_SEARCH_USER_PATHS = NO;
				CLANG_ANALYZER_NONNULL = YES;
				CLANG_ANALYZER_NUMBER_OBJECT_CONVERSION = YES_AGGRESSIVE;
				CLANG_CXX_LANGUAGE_STANDARD = "gnu++14";
				CLANG_CXX_LIBRARY = "libc++";
				CLANG_ENABLE_MODULES = YES;
				CLANG_ENABLE_OBJC_ARC = YES;
				CLANG_ENABLE_OBJC_WEAK = YES;
				CLANG_WARN_BLOCK_CAPTURE_AUTORELEASING = YES;
				CLANG_WARN_BOOL_CONVERSION = YES;
				CLANG_WARN_COMMA = YES;
				CLANG_WARN_CONSTANT_CONVERSION = YES;
				CLANG_WARN_DEPRECATED_OBJC_IMPLEMENTATIONS = YES;
				CLANG_WARN_DIRECT_OBJC_ISA_USAGE = YES_ERROR;
				CLANG_WARN_DOCUMENTATION_COMMENTS = YES;
				CLANG_WARN_EMPTY_BODY = YES;
				CLANG_WARN_ENUM_CONVERSION = YES;
				CLANG_WARN_INFINITE_RECURSION = YES;
				CLANG_WARN_INT_CONVERSION = YES;
				CLANG_WARN_NON_LITERAL_NULL_CONVERSION = YES;
				CLANG_WARN_OBJC_IMPLICIT_RETAIN_SELF = YES;
				CLANG_WARN_OBJC_LITERAL_CONVERSION = YES;
				CLANG_WARN_OBJC_ROOT_CLASS = YES_ERROR;
				CLANG_WARN_RANGE_LOOP_ANALYSIS = YES;
				CLANG_WARN_STRICT_PROTOTYPES = YES;
				CLANG_WARN_SUSPICIOUS_MOVE = YES;
				CLANG_WARN_UNGUARDED_AVAILABILITY = YES_AGGRESSIVE;
				CLANG_WARN_UNREACHABLE_CODE = YES;
				CLANG_WARN__DUPLICATE_METHOD_MATCH = YES;
				COPY_PHASE_STRIP = NO;
				DEBUG_INFORMATION_FORMAT = dwarf;
				ENABLE_STRICT_OBJC_MSGSEND = YES;
				ENABLE_TESTABILITY = YES;
				GCC_C_LANGUAGE_STANDARD = gnu11;
				GCC_DYNAMIC_NO_PIC = NO;
				GCC_NO_COMMON_BLOCKS = YES;
				GCC_OPTIMIZATION_LEVEL = 0;
				GCC_PREPROCESSOR_DEFINITIONS = (
					"DEBUG=1",
					"$(inherited)",
				);
				GCC_WARN_64_TO_32_BIT_CONVERSION = YES;
				GCC_WARN_ABOUT_RETURN_TYPE = YES_ERROR;
				GCC_WARN_UNDECLARED_SELECTOR = YES;
				GCC_WARN_UNINITIALIZED_AUTOS = YES_AGGRESSIVE;
				GCC_WARN_UNUSED_FUNCTION = YES;
				GCC_WARN_UNUSED_VARIABLE = YES;
				IPHONEOS_DEPLOYMENT_TARGET = 13.2;
				MTL_ENABLE_DEBUG_INFO = INCLUDE_SOURCE;
				MTL_FAST_MATH = YES;
				ONLY_ACTIVE_ARCH = YES;
				SDKROOT = iphoneos;
				SWIFT_ACTIVE_COMPILATION_CONDITIONS = DEBUG;
				SWIFT_OPTIMIZATION_LEVEL = "-Onone";
			};
			name = Debug;
		};
		006C920523DA4140001667A5 /* Release */ = {
			isa = XCBuildConfiguration;
			buildSettings = {
				ALWAYS_SEARCH_USER_PATHS = NO;
				CLANG_ANALYZER_NONNULL = YES;
				CLANG_ANALYZER_NUMBER_OBJECT_CONVERSION = YES_AGGRESSIVE;
				CLANG_CXX_LANGUAGE_STANDARD = "gnu++14";
				CLANG_CXX_LIBRARY = "libc++";
				CLANG_ENABLE_MODULES = YES;
				CLANG_ENABLE_OBJC_ARC = YES;
				CLANG_ENABLE_OBJC_WEAK = YES;
				CLANG_WARN_BLOCK_CAPTURE_AUTORELEASING = YES;
				CLANG_WARN_BOOL_CONVERSION = YES;
				CLANG_WARN_COMMA = YES;
				CLANG_WARN_CONSTANT_CONVERSION = YES;
				CLANG_WARN_DEPRECATED_OBJC_IMPLEMENTATIONS = YES;
				CLANG_WARN_DIRECT_OBJC_ISA_USAGE = YES_ERROR;
				CLANG_WARN_DOCUMENTATION_COMMENTS = YES;
				CLANG_WARN_EMPTY_BODY = YES;
				CLANG_WARN_ENUM_CONVERSION = YES;
				CLANG_WARN_INFINITE_RECURSION = YES;
				CLANG_WARN_INT_CONVERSION = YES;
				CLANG_WARN_NON_LITERAL_NULL_CONVERSION = YES;
				CLANG_WARN_OBJC_IMPLICIT_RETAIN_SELF = YES;
				CLANG_WARN_OBJC_LITERAL_CONVERSION = YES;
				CLANG_WARN_OBJC_ROOT_CLASS = YES_ERROR;
				CLANG_WARN_RANGE_LOOP_ANALYSIS = YES;
				CLANG_WARN_STRICT_PROTOTYPES = YES;
				CLANG_WARN_SUSPICIOUS_MOVE = YES;
				CLANG_WARN_UNGUARDED_AVAILABILITY = YES_AGGRESSIVE;
				CLANG_WARN_UNREACHABLE_CODE = YES;
				CLANG_WARN__DUPLICATE_METHOD_MATCH = YES;
				COPY_PHASE_STRIP = NO;
				DEBUG_INFORMATION_FORMAT = "dwarf-with-dsym";
				ENABLE_NS_ASSERTIONS = NO;
				ENABLE_STRICT_OBJC_MSGSEND = YES;
				GCC_C_LANGUAGE_STANDARD = gnu11;
				GCC_NO_COMMON_BLOCKS = YES;
				GCC_WARN_64_TO_32_BIT_CONVERSION = YES;
				GCC_WARN_ABOUT_RETURN_TYPE = YES_ERROR;
				GCC_WARN_UNDECLARED_SELECTOR = YES;
				GCC_WARN_UNINITIALIZED_AUTOS = YES_AGGRESSIVE;
				GCC_WARN_UNUSED_FUNCTION = YES;
				GCC_WARN_UNUSED_VARIABLE = YES;
				IPHONEOS_DEPLOYMENT_TARGET = 13.2;
				MTL_ENABLE_DEBUG_INFO = NO;
				MTL_FAST_MATH = YES;
				SDKROOT = iphoneos;
				SWIFT_COMPILATION_MODE = wholemodule;
				SWIFT_OPTIMIZATION_LEVEL = "-O";
				VALIDATE_PRODUCT = YES;
			};
			name = Release;
		};
		006C920723DA4140001667A5 /* Debug */ = {
			isa = XCBuildConfiguration;
			buildSettings = {
				ASSETCATALOG_COMPILER_APPICON_NAME = AppIcon;
				CODE_SIGN_STYLE = Automatic;
				INFOPLIST_FILE = MeeovApp/Info.plist;
				LD_RUNPATH_SEARCH_PATHS = (
					"$(inherited)",
					"@executable_path/Frameworks",
				);
				PRODUCT_BUNDLE_IDENTIFIER = com.ilyas666.MeeovApp;
				PRODUCT_NAME = "$(TARGET_NAME)";
				SWIFT_VERSION = 5.0;
				TARGETED_DEVICE_FAMILY = "1,2";
			};
			name = Debug;
		};
		006C920823DA4140001667A5 /* Release */ = {
			isa = XCBuildConfiguration;
			buildSettings = {
				ASSETCATALOG_COMPILER_APPICON_NAME = AppIcon;
				CODE_SIGN_STYLE = Automatic;
				INFOPLIST_FILE = MeeovApp/Info.plist;
				LD_RUNPATH_SEARCH_PATHS = (
					"$(inherited)",
					"@executable_path/Frameworks",
				);
				PRODUCT_BUNDLE_IDENTIFIER = com.ilyas666.MeeovApp;
				PRODUCT_NAME = "$(TARGET_NAME)";
				SWIFT_VERSION = 5.0;
				TARGETED_DEVICE_FAMILY = "1,2";
			};
			name = Release;
		};
/* End XCBuildConfiguration section */

/* Begin XCConfigurationList section */
		006C91ED23DA413D001667A5 /* Build configuration list for PBXProject "MeeovApp" */ = {
			isa = XCConfigurationList;
			buildConfigurations = (
				006C920423DA4140001667A5 /* Debug */,
				006C920523DA4140001667A5 /* Release */,
			);
			defaultConfigurationIsVisible = 0;
			defaultConfigurationName = Release;
		};
		006C920623DA4140001667A5 /* Build configuration list for PBXNativeTarget "MeeovApp" */ = {
			isa = XCConfigurationList;
			buildConfigurations = (
				006C920723DA4140001667A5 /* Debug */,
				006C920823DA4140001667A5 /* Release */,
			);
			defaultConfigurationIsVisible = 0;
			defaultConfigurationName = Release;
		};
/* End XCConfigurationList section */
	};
	rootObject = 006C91EA23DA413D001667A5 /* Project object */;
}
